
Microsoft Visual Studio Solution File, Format Version 12.00
# Visual Studio 15
VisualStudioVersion = 15.0.27428.2015
MinimumVisualStudioVersion = 10.0.40219.1
Project("{FAE04EC0-301F-11D3-BF4B-00C04F79EFBC}") = "Msi.FluentEmail", "Msi.FluentEmail\Msi.FluentEmail.csproj", "{A5C97D90-1CD2-43C8-80AD-23819EA11F92}"
EndProject
Project("{FAE04EC0-301F-11D3-BF4B-00C04F79EFBC}") = "FluentEmailExample", "FluentEmailExample\FluentEmailExample.csproj", "{5139A34C-812C-4E3C-8041-638584B63714}"
EndProject
Global
	GlobalSection(SolutionConfigurationPlatforms) = preSolution
		Debug|Any CPU = Debug|Any CPU
		Release|Any CPU = Release|Any CPU
	EndGlobalSection
	GlobalSection(ProjectConfigurationPlatforms) = postSolution
		{A5C97D90-1CD2-43C8-80AD-23819EA11F92}.Debug|Any CPU.ActiveCfg = Debug|Any CPU
		{A5C97D90-1CD2-43C8-80AD-23819EA11F92}.Debug|Any CPU.Build.0 = Debug|Any CPU
		{A5C97D90-1CD2-43C8-80AD-23819EA11F92}.Release|Any CPU.ActiveCfg = Release|Any CPU
		{A5C97D90-1CD2-43C8-80AD-23819EA11F92}.Release|Any CPU.Build.0 = Release|Any CPU
		{5139A34C-812C-4E3C-8041-638584B63714}.Debug|Any CPU.ActiveCfg = Debug|Any CPU
		{5139A34C-812C-4E3C-8041-638584B63714}.Debug|Any CPU.Build.0 = Debug|Any CPU
		{5139A34C-812C-4E3C-8041-638584B63714}.Release|Any CPU.ActiveCfg = Release|Any CPU
		{5139A34C-812C-4E3C-8041-638584B63714}.Release|Any CPU.Build.0 = Release|Any CPU
	EndGlobalSection
	GlobalSection(SolutionProperties) = preSolution
		HideSolutionNode = FALSE
	EndGlobalSection
	GlobalSection(ExtensibilityGlobals) = postSolution
		SolutionGuid = {DB361D9C-4D55-4550-9DBB-6C458BDCF742}
	EndGlobalSection
EndGlobal
